lockfileVersion: 5.4

specifiers:
  '@types/mocha': ^9.1.1
  '@types/node': ^17.0.40
  '@types/vscode': ^1.67.0
  prettier: ^2.5.1
  typescript: ^4.7.3

devDependencies:
  '@types/mocha': 9.1.1
  '@types/node': 17.0.40
  '@types/vscode': 1.67.0
  prettier: 2.5.1
  typescript: 4.7.3

packages:

  /@types/mocha/9.1.1:
    resolution: {integrity: sha512-Z61JK7DKDtdKTWwLeElSEBcWGRLY8g95ic5FoQqI9CMx0ns/Ghep3B4DfcEimiKMvtamNVULVNKEsiwV3aQmXw==}
    dev: true

  /@types/node/17.0.40:
    resolution: {integrity: sha512-UXdBxNGqTMtm7hCwh9HtncFVLrXoqA3oJW30j6XWp5BH/wu3mVeaxo7cq5benFdBw34HB3XDT2TRPI7rXZ+mDg==}
    dev: true

  /@types/vscode/1.67.0:
    resolution: {integrity: sha512-GH8BDf8cw9AC9080uneJfulhSa7KHSMI2s/CyKePXoGNos9J486w2V4YKoeNUqIEkW4hKoEAWp6/cXTwyGj47g==}
    dev: true

  /prettier/2.5.1:
    resolution: {integrity: sha512-vBZcPRUR5MZJwoyi3ZoyQlc1rXeEck8KgeC9AwwOn+exuxLxq5toTRDTSaVrXHxelDMHy9zlicw8u66yxoSUFg==}
    engines: {node: '>=10.13.0'}
    hasBin: true
    dev: true

  /typescript/4.7.3:
    resolution: {integrity: sha512-WOkT3XYvrpXx4vMMqlD+8R8R37fZkjyLGlxavMc4iB8lrl8L0DeTcHbYgw/v0N/z9wAFsgBhcsF0ruoySS22mA==}
    engines: {node: '>=4.2.0'}
    hasBin: true
    dev: true
